{
  "requires": true,
  "lockfileVersion": 1,
  "dependencies": {
    "mailtoui": {
      "version": "1.0.3",
      "resolved": "https://registry.npmjs.org/mailtoui/-/mailtoui-1.0.3.tgz",
      "integrity": "sha512-Rse/OFWqSMuc/7D/Pw+dnkWwWLIhSx9hsZMb+9RaIOYJcQgd8SNV5YtM5b5GdBIwM2Di59oRk1Wz929X9UeUeg=="
    }
  }
}
